
Microsoft Visual Studio Solution File, Format Version 12.00
# Visual Studio Version 16
VisualStudioVersion = 16.0.29020.237
MinimumVisualStudioVersion = 10.0.40219.1
Project("{FAE04EC0-301F-11D3-BF4B-00C04F79EFBC}") = "HalloLayout", "HalloLayout\HalloLayout.csproj", "{38F97097-2D77-43C9-8BD9-E9E9EA268220}"
EndProject
Global
	GlobalSection(SolutionConfigurationPlatforms) = preSolution
		Debug|Any CPU = Debug|Any CPU
		Release|Any CPU = Release|Any CPU
	EndGlobalSection
	GlobalSection(ProjectConfigurationPlatforms) = postSolution
		{38F97097-2D77-43C9-8BD9-E9E9EA268220}.Debug|Any CPU.ActiveCfg = Debug|Any CPU
		{38F97097-2D77-43C9-8BD9-E9E9EA268220}.Debug|Any CPU.Build.0 = Debug|Any CPU
		{38F97097-2D77-43C9-8BD9-E9E9EA268220}.Release|Any CPU.ActiveCfg = Release|Any CPU
		{38F97097-2D77-43C9-8BD9-E9E9EA268220}.Release|Any CPU.Build.0 = Release|Any CPU
	EndGlobalSection
	GlobalSection(SolutionProperties) = preSolution
		HideSolutionNode = FALSE
	EndGlobalSection
	GlobalSection(ExtensibilityGlobals) = postSolution
		SolutionGuid = {3D2C629F-CCF2-4761-9C1A-5579FAEDB8B6}
	EndGlobalSection
EndGlobal
